<?xml version="1.0" encoding="utf-8"?>
<Project ToolsVersion="4.0" xmlns="http://schemas.microsoft.com/developer/msbuild/2003">
  <ItemGroup>
    <Filter Include="Source Files">
      <UniqueIdentifier>{4FC737F1-C7A5-4376-A066-2A32D752A2FF}</UniqueIdentifier>
      <Extensions>cpp;c;cc;cxx;def;odl;idl;hpj;bat;asm;asmx</Extensions>
    </Filter>
    <Filter Include="Header Files">
      <UniqueIdentifier>{93995380-89BD-4b04-88EB-625FBE52EBFB}</UniqueIdentifier>
      <Extensions>h;hh;hpp;hxx;hm;inl;inc;xsd</Extensions>
    </Filter>
    <Filter Include="Resource Files">
      <UniqueIdentifier>{67DA6AB6-F800-4c08-8B7A-83BB121AAD01}</UniqueIdentifier>
      <Extensions>rc;ico;cur;bmp;dlg;rc2;rct;bin;rgs;gif;jpg;jpeg;jpe;resx;tiff;tif;png;wav;mfcribbon-ms</Extensions>
    </Filter>
  </ItemGroup>
  <ItemGroup>
    <None Include="Wynaut.ino" />
    <None Include="..\..\WynautOLD\.gitattributes" />
    <None Include="..\..\WynautOLD\library.json" />
    <None Include="..\..\WynautOLD\library.properties" />
    <None Include="..\..\WynautOLD\README.md" />
    <None Include="..\..\WynautOLD\WiiCameraReadme.md" />
  </ItemGroup>
  <ItemGroup>
    <ClInclude Include="__vm\.Wynaut.vsarduino.h">
      <Filter>Header Files</Filter>
    </ClInclude>
    <ClInclude Include="..\..\WynautOLD\address.h">
      <Filter>Header Files</Filter>
    </ClInclude>
    <ClInclude Include="..\..\WynautOLD\adk.h">
      <Filter>Header Files</Filter>
    </ClInclude>
    <ClInclude Include="..\..\WynautOLD\avrpins.h">
      <Filter>Header Files</Filter>
    </ClInclude>
    <ClInclude Include="..\..\WynautOLD\BTD.h">
      <Filter>Header Files</Filter>
    </ClInclude>
    <ClInclude Include="..\..\WynautOLD\BTHID.h">
      <Filter>Header Files</Filter>
    </ClInclude>
    <ClInclude Include="..\..\WynautOLD\cdc_XR21B1411.h">
      <Filter>Header Files</Filter>
    </ClInclude>
    <ClInclude Include="..\..\WynautOLD\cdcacm.h">
      <Filter>Header Files</Filter>
    </ClInclude>
    <ClInclude Include="..\..\WynautOLD\cdcftdi.h">
      <Filter>Header Files</Filter>
    </ClInclude>
    <ClInclude Include="..\..\WynautOLD\cdcprolific.h">
      <Filter>Header Files</Filter>
    </ClInclude>
    <ClInclude Include="..\..\WynautOLD\confdescparser.h">
      <Filter>Header Files</Filter>
    </ClInclude>
    <ClInclude Include="..\..\WynautOLD\controllerEnums.h">
      <Filter>Header Files</Filter>
    </ClInclude>
    <ClInclude Include="..\..\WynautOLD\hexdump.h">
      <Filter>Header Files</Filter>
    </ClInclude>
    <ClInclude Include="..\..\WynautOLD\hidboot.h">
      <Filter>Header Files</Filter>
    </ClInclude>
    <ClInclude Include="..\..\WynautOLD\hidcomposite.h">
      <Filter>Header Files</Filter>
    </ClInclude>
    <ClInclude Include="..\..\WynautOLD\hidescriptorparser.h">
      <Filter>Header Files</Filter>
    </ClInclude>
    <ClInclude Include="..\..\WynautOLD\hiduniversal.h">
      <Filter>Header Files</Filter>
    </ClInclude>
    <ClInclude Include="..\..\WynautOLD\hidusagestr.h">
      <Filter>Header Files</Filter>
    </ClInclude>
    <ClInclude Include="..\..\WynautOLD\macros.h">
      <Filter>Header Files</Filter>
    </ClInclude>
    <ClInclude Include="..\..\WynautOLD\masstorage.h">
      <Filter>Header Files</Filter>
    </ClInclude>
    <ClInclude Include="..\..\WynautOLD\max_LCD.h">
      <Filter>Header Files</Filter>
    </ClInclude>
    <ClInclude Include="..\..\WynautOLD\max3421e.h">
      <Filter>Header Files</Filter>
    </ClInclude>
    <ClInclude Include="..\..\WynautOLD\MDD10A.h">
      <Filter>Header Files</Filter>
    </ClInclude>
    <ClInclude Include="..\..\WynautOLD\message.h">
      <Filter>Header Files</Filter>
    </ClInclude>
    <ClInclude Include="..\..\WynautOLD\parsetools.h">
      <Filter>Header Files</Filter>
    </ClInclude>
    <ClInclude Include="..\..\WynautOLD\printhex.h">
      <Filter>Header Files</Filter>
    </ClInclude>
    <ClInclude Include="..\..\WynautOLD\PS3BT.h">
      <Filter>Header Files</Filter>
    </ClInclude>
    <ClInclude Include="..\..\WynautOLD\PS3Enums.h">
      <Filter>Header Files</Filter>
    </ClInclude>
    <ClInclude Include="..\..\WynautOLD\PS3USB.h">
      <Filter>Header Files</Filter>
    </ClInclude>
    <ClInclude Include="..\..\WynautOLD\PS4BT.h">
      <Filter>Header Files</Filter>
    </ClInclude>
    <ClInclude Include="..\..\WynautOLD\PS4Parser.h">
      <Filter>Header Files</Filter>
    </ClInclude>
    <ClInclude Include="..\..\WynautOLD\PS4USB.h">
      <Filter>Header Files</Filter>
    </ClInclude>
    <ClInclude Include="..\..\WynautOLD\PSBuzz.h">
      <Filter>Header Files</Filter>
    </ClInclude>
    <ClInclude Include="..\..\WynautOLD\settings.h">
      <Filter>Header Files</Filter>
    </ClInclude>
    <ClInclude Include="..\..\WynautOLD\sink_parser.h">
      <Filter>Header Files</Filter>
    </ClInclude>
    <ClInclude Include="..\..\WynautOLD\SPP.h">
      <Filter>Header Files</Filter>
    </ClInclude>
    <ClInclude Include="..\..\WynautOLD\Usb.h">
      <Filter>Header Files</Filter>
    </ClInclude>
    <ClInclude Include="..\..\WynautOLD\usb_ch9.h">
      <Filter>Header Files</Filter>
    </ClInclude>
    <ClInclude Include="..\..\WynautOLD\UsbCore.h">
      <Filter>Header Files</Filter>
    </ClInclude>
    <ClInclude Include="..\..\WynautOLD\usbh_midi.h">
      <Filter>Header Files</Filter>
    </ClInclude>
    <ClInclude Include="..\..\WynautOLD\usbhid.h">
      <Filter>Header Files</Filter>
    </ClInclude>
    <ClInclude Include="..\..\WynautOLD\usbhost.h">
      <Filter>Header Files</Filter>
    </ClInclude>
    <ClInclude Include="..\..\WynautOLD\usbhub.h">
      <Filter>Header Files</Filter>
    </ClInclude>
    <ClInclude Include="..\..\WynautOLD\version_helper.h">
      <Filter>Header Files</Filter>
    </ClInclude>
    <ClInclude Include="..\..\WynautOLD\Wii.h">
      <Filter>Header Files</Filter>
    </ClInclude>
    <ClInclude Include="..\..\WynautOLD\xboxEnums.h">
      <Filter>Header Files</Filter>
    </ClInclude>
    <ClInclude Include="..\..\WynautOLD\XBOXOLD.h">
      <Filter>Header Files</Filter>
    </ClInclude>
    <ClInclude Include="..\..\WynautOLD\XBOXONE.h">
      <Filter>Header Files</Filter>
    </ClInclude>
    <ClInclude Include="..\..\WynautOLD\XBOXRECV.h">
      <Filter>Header Files</Filter>
    </ClInclude>
    <ClInclude Include="..\..\WynautOLD\XBOXUSB.h">
      <Filter>Header Files</Filter>
    </ClInclude>
  </ItemGroup>
  <ItemGroup>
    <ClCompile Include="..\..\WynautOLD\adk.cpp">
      <Filter>Source Files</Filter>
    </ClCompile>
    <ClCompile Include="..\..\WynautOLD\BTD.cpp">
      <Filter>Source Files</Filter>
    </ClCompile>
    <ClCompile Include="..\..\WynautOLD\BTHID.cpp">
      <Filter>Source Files</Filter>
    </ClCompile>
    <ClCompile Include="..\..\WynautOLD\cdc_XR21B1411.cpp">
      <Filter>Source Files</Filter>
    </ClCompile>
    <ClCompile Include="..\..\WynautOLD\cdcacm.cpp">
      <Filter>Source Files</Filter>
    </ClCompile>
    <ClCompile Include="..\..\WynautOLD\cdcftdi.cpp">
      <Filter>Source Files</Filter>
    </ClCompile>
    <ClCompile Include="..\..\WynautOLD\cdcprolific.cpp">
      <Filter>Source Files</Filter>
    </ClCompile>
    <ClCompile Include="..\..\WynautOLD\hidboot.cpp">
      <Filter>Source Files</Filter>
    </ClCompile>
    <ClCompile Include="..\..\WynautOLD\hidcomposite.cpp">
      <Filter>Source Files</Filter>
    </ClCompile>
    <ClCompile Include="..\..\WynautOLD\hidescriptorparser.cpp">
      <Filter>Source Files</Filter>
    </ClCompile>
    <ClCompile Include="..\..\WynautOLD\hiduniversal.cpp">
      <Filter>Source Files</Filter>
    </ClCompile>
    <ClCompile Include="..\..\WynautOLD\hidusagetitlearrays.cpp">
      <Filter>Source Files</Filter>
    </ClCompile>
    <ClCompile Include="..\..\WynautOLD\masstorage.cpp">
      <Filter>Source Files</Filter>
    </ClCompile>
    <ClCompile Include="..\..\WynautOLD\max_LCD.cpp">
      <Filter>Source Files</Filter>
    </ClCompile>
    <ClCompile Include="..\..\WynautOLD\MDD10A.cpp">
      <Filter>Source Files</Filter>
    </ClCompile>
    <ClCompile Include="..\..\WynautOLD\message.cpp">
      <Filter>Source Files</Filter>
    </ClCompile>
    <ClCompile Include="..\..\WynautOLD\parsetools.cpp">
      <Filter>Source Files</Filter>
    </ClCompile>
    <ClCompile Include="..\..\WynautOLD\PS3BT.cpp">
      <Filter>Source Files</Filter>
    </ClCompile>
    <ClCompile Include="..\..\WynautOLD\PS3USB.cpp">
      <Filter>Source Files</Filter>
    </ClCompile>
    <ClCompile Include="..\..\WynautOLD\PS4Parser.cpp">
      <Filter>Source Files</Filter>
    </ClCompile>
    <ClCompile Include="..\..\WynautOLD\PSBuzz.cpp">
      <Filter>Source Files</Filter>
    </ClCompile>
    <ClCompile Include="..\..\WynautOLD\SPP.cpp">
      <Filter>Source Files</Filter>
    </ClCompile>
    <ClCompile Include="..\..\WynautOLD\Usb.cpp">
      <Filter>Source Files</Filter>
    </ClCompile>
    <ClCompile Include="..\..\WynautOLD\usbh_midi.cpp">
      <Filter>Source Files</Filter>
    </ClCompile>
    <ClCompile Include="..\..\WynautOLD\usbhid.cpp">
      <Filter>Source Files</Filter>
    </ClCompile>
    <ClCompile Include="..\..\WynautOLD\usbhub.cpp">
      <Filter>Source Files</Filter>
    </ClCompile>
    <ClCompile Include="..\..\WynautOLD\Wii.cpp">
      <Filter>Source Files</Filter>
    </ClCompile>
    <ClCompile Include="..\..\WynautOLD\XBOXOLD.cpp">
      <Filter>Source Files</Filter>
    </ClCompile>
    <ClCompile Include="..\..\WynautOLD\XBOXONE.cpp">
      <Filter>Source Files</Filter>
    </ClCompile>
    <ClCompile Include="..\..\WynautOLD\XBOXRECV.cpp">
      <Filter>Source Files</Filter>
    </ClCompile>
    <ClCompile Include="..\..\WynautOLD\XBOXUSB.cpp">
      <Filter>Source Files</Filter>
    </ClCompile>
  </ItemGroup>
  <ItemGroup>
    <Text Include="..\..\WynautOLD\gpl2.txt" />
    <Text Include="..\..\WynautOLD\keywords.txt" />
  </ItemGroup>
</Project>